// !$*UTF8*$!
{
	archiveVersion = 1;
	classes = {
	};
	objectVersion = 46;
	objects = {

/* Begin PBXBuildFile section */
		AA3F659E1BFE94AD000E0EE7 /* AppDelegate.swift in Sources */ = {isa = PBXBuildFile; fileRef = AA3F659D1BFE94AD000E0EE7 /* AppDelegate.swift */; };
		AA3F65A31BFE94AE000E0EE7 /* Main.storyboard in Resources */ = {isa = PBXBuildFile; fileRef = AA3F65A11BFE94AE000E0EE7 /* Main.storyboard */; };
		AA3F65A51BFE94AF000E0EE7 /* Assets.xcassets in Resources */ = {isa = PBXBuildFile; fileRef = AA3F65A41BFE94AF000E0EE7 /* Assets.xcassets */; };
		AA3F65A81BFE94AF000E0EE7 /* LaunchScreen.storyboard in Resources */ = {isa = PBXBuildFile; fileRef = AA3F65A61BFE94AF000E0EE7 /* LaunchScreen.storyboard */; };
		AA3F65B31BFE94B0000E0EE7 /* iQuiz3Tests.swift in Sources */ = {isa = PBXBuildFile; fileRef = AA3F65B21BFE94B0000E0EE7 /* iQuiz3Tests.swift */; };
		AA3F65BE1BFE94B0000E0EE7 /* iQuiz3UITests.swift in Sources */ = {isa = PBXBuildFile; fileRef = AA3F65BD1BFE94B0000E0EE7 /* iQuiz3UITests.swift */; };
		AA50DC9D1C0CE06D0033720A /* ResultsViewController.swift in Sources */ = {isa = PBXBuildFile; fileRef = AA50DC9C1C0CE06D0033720A /* ResultsViewController.swift */; };
		AA54743D1C18CFE60060936F /* Default-568h@2x.png in Resources */ = {isa = PBXBuildFile; fileRef = AA54743C1C18CFE60060936F /* Default-568h@2x.png */; };
		AA75BE2F1C03A248007B4E08 /* QuizTableViewController.swift in Sources */ = {isa = PBXBuildFile; fileRef = AA75BE2E1C03A248007B4E08 /* QuizTableViewController.swift */; };
		AA75BE311C03B1F2007B4E08 /* QuizViewCell.swift in Sources */ = {isa = PBXBuildFile; fileRef = AA75BE301C03B1F2007B4E08 /* QuizViewCell.swift */; };
		AA75BE331C03B89A007B4E08 /* QuestionViewController.swift in Sources */ = {isa = PBXBuildFile; fileRef = AA75BE321C03B89A007B4E08 /* QuestionViewController.swift */; };
		AA75BE351C03B999007B4E08 /* AnswerViewCell.swift in Sources */ = {isa = PBXBuildFile; fileRef = AA75BE341C03B999007B4E08 /* AnswerViewCell.swift */; };
		AA7DBA371C0E8B2000555458 /* FinishedViewController.swift in Sources */ = {isa = PBXBuildFile; fileRef = AA7DBA361C0E8B2000555458 /* FinishedViewController.swift */; };
/* End PBXBuildFile section */

/* Begin PBXContainerItemProxy section */
		AA3F65AF1BFE94B0000E0EE7 /* PBXContainerItemProxy */ = {
			isa = PBXContainerItemProxy;
			containerPortal = AA3F65921BFE94AB000E0EE7 /* Project object */;
			proxyType = 1;
			remoteGlobalIDString = AA3F65991BFE94AC000E0EE7;
			remoteInfo = iQuiz2;
		};
		AA3F65BA1BFE94B0000E0EE7 /* PBXContainerItemProxy */ = {
			isa = PBXContainerItemProxy;
			containerPortal = AA3F65921BFE94AB000E0EE7 /* Project object */;
			proxyType = 1;
			remoteGlobalIDString = AA3F65991BFE94AC000E0EE7;
			remoteInfo = iQuiz2;
		};
/* End PBXContainerItemProxy section */

/* Begin PBXFileReference section */
		AA3F659A1BFE94AC000E0EE7 /* iQuiz3.app */ = {isa = PBXFileReference; explicitFileType = wrapper.application; includeInIndex = 0; path = iQuiz3.app; sourceTree = BUILT_PRODUCTS_DIR; };
		AA3F659D1BFE94AD000E0EE7 /* AppDelegate.swift */ = {isa = PBXFileReference; lastKnownFileType = sourcecode.swift; path = AppDelegate.swift; sourceTree = "<group>"; };
		AA3F65A21BFE94AE000E0EE7 /* Base */ = {isa = PBXFileReference; lastKnownFileType = file.storyboard; name = Base; path = Base.lproj/Main.storyboard; sourceTree = "<group>"; };
		AA3F65A41BFE94AF000E0EE7 /* Assets.xcassets */ = {isa = PBXFileReference; lastKnownFileType = folder.assetcatalog; path = Assets.xcassets; sourceTree = "<group>"; };
		AA3F65A71BFE94AF000E0EE7 /* Base */ = {isa = PBXFileReference; lastKnownFileType = file.storyboard; name = Base; path = Base.lproj/LaunchScreen.storyboard; sourceTree = "<group>"; };
		AA3F65A91BFE94AF000E0EE7 /* Info.plist */ = {isa = PBXFileReference; lastKnownFileType = text.plist.xml; path = Info.plist; sourceTree = "<group>"; };
		AA3F65AE1BFE94B0000E0EE7 /* iQuiz3.xctest */ = {isa = PBXFileReference; explicitFileType = wrapper.cfbundle; includeInIndex = 0; path = iQuiz3.xctest; sourceTree = BUILT_PRODUCTS_DIR; };
		AA3F65B21BFE94B0000E0EE7 /* iQuiz3Tests.swift */ = {isa = PBXFileReference; lastKnownFileType = sourcecode.swift; path = iQuiz3Tests.swift; sourceTree = "<group>"; };
		AA3F65B41BFE94B0000E0EE7 /* Info.plist */ = {isa = PBXFileReference; lastKnownFileType = text.plist.xml; path = Info.plist; sourceTree = "<group>"; };
		AA3F65B91BFE94B0000E0EE7 /* iQuiz3.xctest */ = {isa = PBXFileReference; explicitFileType = wrapper.cfbundle; includeInIndex = 0; path = iQuiz3.xctest; sourceTree = BUILT_PRODUCTS_DIR; };
		AA3F65BD1BFE94B0000E0EE7 /* iQuiz3UITests.swift */ = {isa = PBXFileReference; lastKnownFileType = sourcecode.swift; path = iQuiz3UITests.swift; sourceTree = "<group>"; };
		AA3F65BF1BFE94B0000E0EE7 /* Info.plist */ = {isa = PBXFileReference; lastKnownFileType = text.plist.xml; path = Info.plist; sourceTree = "<group>"; };
		AA50DC9C1C0CE06D0033720A /* ResultsViewController.swift */ = {isa = PBXFileReference; fileEncoding = 4; lastKnownFileType = sourcecode.swift; lineEnding = 0; path = ResultsViewController.swift; sourceTree = "<group>"; xcLanguageSpecificationIdentifier = xcode.lang.swift; };
		AA54743C1C18CFE60060936F /* Default-568h@2x.png */ = {isa = PBXFileReference; lastKnownFileType = image.png; path = "Default-568h@2x.png"; sourceTree = "<group>"; };
		AA75BE2E1C03A248007B4E08 /* QuizTableViewController.swift */ = {isa = PBXFileReference; fileEncoding = 4; lastKnownFileType = sourcecode.swift; lineEnding = 0; path = QuizTableViewController.swift; sourceTree = "<group>"; xcLanguageSpecificationIdentifier = xcode.lang.swift; };
		AA75BE301C03B1F2007B4E08 /* QuizViewCell.swift */ = {isa = PBXFileReference; fileEncoding = 4; lastKnownFileType = sourcecode.swift; path = QuizViewCell.swift; sourceTree = "<group>"; };
		AA75BE321C03B89A007B4E08 /* QuestionViewController.swift */ = {isa = PBXFileReference; fileEncoding = 4; lastKnownFileType = sourcecode.swift; lineEnding = 0; path = QuestionViewController.swift; sourceTree = "<group>"; xcLanguageSpecificationIdentifier = xcode.lang.swift; };
		AA75BE341C03B999007B4E08 /* AnswerViewCell.swift */ = {isa = PBXFileReference; fileEncoding = 4; lastKnownFileType = sourcecode.swift; path = AnswerViewCell.swift; sourceTree = "<group>"; };
		AA7DBA361C0E8B2000555458 /* FinishedViewController.swift */ = {isa = PBXFileReference; fileEncoding = 4; lastKnownFileType = sourcecode.swift; lineEnding = 0; path = FinishedViewController.swift; sourceTree = "<group>"; xcLanguageSpecificationIdentifier = xcode.lang.swift; };
/* End PBXFileReference section */

/* Begin PBXFrameworksBuildPhase section */
		AA3F65971BFE94AC000E0EE7 /* Frameworks */ = {
			isa = PBXFrameworksBuildPhase;
			buildActionMask = 2147483647;
			files = (
			);
			runOnlyForDeploymentPostprocessing = 0;
		};
		AA3F65AB1BFE94B0000E0EE7 /* Frameworks */ = {
			isa = PBXFrameworksBuildPhase;
			buildActionMask = 2147483647;
			files = (
			);
			runOnlyForDeploymentPostprocessing = 0;
		};
		AA3F65B61BFE94B0000E0EE7 /* Frameworks */ = {
			isa = PBXFrameworksBuildPhase;
			buildActionMask = 2147483647;
			files = (
			);
			runOnlyForDeploymentPostprocessing = 0;
		};
/* End PBXFrameworksBuildPhase section */

/* Begin PBXGroup section */
		AA3F65911BFE94AB000E0EE7 = {
			isa = PBXGroup;
			children = (
				AA54743C1C18CFE60060936F /* Default-568h@2x.png */,
				AA3F659C1BFE94AD000E0EE7 /* iQuiz3 */,
				AA3F65B11BFE94B0000E0EE7 /* iQuiz3Tests */,
				AA3F65BC1BFE94B0000E0EE7 /* iQuiz3UITests */,
				AA3F659B1BFE94AC000E0EE7 /* Products */,
			);
			sourceTree = "<group>";
		};
		AA3F659B1BFE94AC000E0EE7 /* Products */ = {
			isa = PBXGroup;
			children = (
				AA3F659A1BFE94AC000E0EE7 /* iQuiz3.app */,
				AA3F65AE1BFE94B0000E0EE7 /* iQuiz3.xctest */,
				AA3F65B91BFE94B0000E0EE7 /* iQuiz3.xctest */,
			);
			name = Products;
			sourceTree = "<group>";
		};
		AA3F659C1BFE94AD000E0EE7 /* iQuiz3 */ = {
			isa = PBXGroup;
			children = (
				AA3F659D1BFE94AD000E0EE7 /* AppDelegate.swift */,
				AA3F65A11BFE94AE000E0EE7 /* Main.storyboard */,
				AA7DBA361C0E8B2000555458 /* FinishedViewController.swift */,
				AA50DC9C1C0CE06D0033720A /* ResultsViewController.swift */,
				AA75BE321C03B89A007B4E08 /* QuestionViewController.swift */,
				AA75BE341C03B999007B4E08 /* AnswerViewCell.swift */,
				AA75BE2E1C03A248007B4E08 /* QuizTableViewController.swift */,
				AA75BE301C03B1F2007B4E08 /* QuizViewCell.swift */,
				AA3F65A41BFE94AF000E0EE7 /* Assets.xcassets */,
				AA3F65A61BFE94AF000E0EE7 /* LaunchScreen.storyboard */,
				AA3F65A91BFE94AF000E0EE7 /* Info.plist */,
			);
			name = iQuiz3;
			path = iQuiz2;
			sourceTree = "<group>";
		};
		AA3F65B11BFE94B0000E0EE7 /* iQuiz3Tests */ = {
			isa = PBXGroup;
			children = (
				AA3F65B21BFE94B0000E0EE7 /* iQuiz3Tests.swift */,
				AA3F65B41BFE94B0000E0EE7 /* Info.plist */,
			);
			name = iQuiz3Tests;
			path = iQuiz2Tests;
			sourceTree = "<group>";
		};
		AA3F65BC1BFE94B0000E0EE7 /* iQuiz3UITests */ = {
			isa = PBXGroup;
			children = (
				AA3F65BD1BFE94B0000E0EE7 /* iQuiz3UITests.swift */,
				AA3F65BF1BFE94B0000E0EE7 /* Info.plist */,
			);
			name = iQuiz3UITests;
			path = iQuiz2UITests;
			sourceTree = "<group>";
		};
/* End PBXGroup section */

/* Begin PBXNativeTarget section */
		AA3F65991BFE94AC000E0EE7 /* iQuiz3 */ = {
			isa = PBXNativeTarget;
			buildConfigurationList = AA3F65C21BFE94B0000E0EE7 /* Build configuration list for PBXNativeTarget "iQuiz3" */;
			buildPhases = (
				AA3F65961BFE94AC000E0EE7 /* Sources */,
				AA3F65971BFE94AC000E0EE7 /* Frameworks */,
				AA3F65981BFE94AC000E0EE7 /* Resources */,
			);
			buildRules = (
			);
			dependencies = (
			);
			name = iQuiz3;
			productName = iQuiz2;
			productReference = AA3F659A1BFE94AC000E0EE7 /* iQuiz3.app */;
			productType = "com.apple.product-type.application";
		};
		AA3F65AD1BFE94B0000E0EE7 /* iQuiz3Tests */ = {
			isa = PBXNativeTarget;
			buildConfigurationList = AA3F65C51BFE94B0000E0EE7 /* Build configuration list for PBXNativeTarget "iQuiz3Tests" */;
			buildPhases = (
				AA3F65AA1BFE94B0000E0EE7 /* Sources */,
				AA3F65AB1BFE94B0000E0EE7 /* Frameworks */,
				AA3F65AC1BFE94B0000E0EE7 /* Resources */,
			);
			buildRules = (
			);
			dependencies = (
				AA3F65B01BFE94B0000E0EE7 /* PBXTargetDependency */,
			);
			name = iQuiz3Tests;
			productName = iQuiz2Tests;
			productReference = AA3F65AE1BFE94B0000E0EE7 /* iQuiz3.xctest */;
			productType = "com.apple.product-type.bundle.unit-test";
		};
		AA3F65B81BFE94B0000E0EE7 /* iQuiz3UITests */ = {
			isa = PBXNativeTarget;
			buildConfigurationList = AA3F65C81BFE94B0000E0EE7 /* Build configuration list for PBXNativeTarget "iQuiz3UITests" */;
			buildPhases = (
				AA3F65B51BFE94B0000E0EE7 /* Sources */,
				AA3F65B61BFE94B0000E0EE7 /* Frameworks */,
				AA3F65B71BFE94B0000E0EE7 /* Resources */,
			);
			buildRules = (
			);
			dependencies = (
				AA3F65BB1BFE94B0000E0EE7 /* PBXTargetDependency */,
			);
			name = iQuiz3UITests;
			productName = iQuiz2UITests;
			productReference = AA3F65B91BFE94B0000E0EE7 /* iQuiz3.xctest */;
			productType = "com.apple.product-type.bundle.ui-testing";
		};
/* End PBXNativeTarget section */

/* Begin PBXProject section */
		AA3F65921BFE94AB000E0EE7 /* Project object */ = {
			isa = PBXProject;
			attributes = {
				LastSwiftUpdateCheck = 0710;
				LastUpgradeCheck = 0710;
				ORGANIZATIONNAME = "Kevin Ly";
				TargetAttributes = {
					AA3F65991BFE94AC000E0EE7 = {
						CreatedOnToolsVersion = 7.1.1;
						DevelopmentTeam = YP956BA8GU;
					};
					AA3F65AD1BFE94B0000E0EE7 = {
						CreatedOnToolsVersion = 7.1.1;
						DevelopmentTeam = YP956BA8GU;
						TestTargetID = AA3F65991BFE94AC000E0EE7;
					};
					AA3F65B81BFE94B0000E0EE7 = {
						CreatedOnToolsVersion = 7.1.1;
						DevelopmentTeam = YP956BA8GU;
						TestTargetID = AA3F65991BFE94AC000E0EE7;
					};
				};
			};
			buildConfigurationList = AA3F65951BFE94AB000E0EE7 /* Build configuration list for PBXProject "iQuiz3" */;
			compatibilityVersion = "Xcode 3.2";
			developmentRegion = English;
			hasScannedForEncodings = 0;
			knownRegions = (
				en,
				Base,
			);
			mainGroup = AA3F65911BFE94AB000E0EE7;
			productRefGroup = AA3F659B1BFE94AC000E0EE7 /* Products */;
			projectDirPath = "";
			projectRoot = "";
			targets = (
				AA3F65991BFE94AC000E0EE7 /* iQuiz3 */,
				AA3F65AD1BFE94B0000E0EE7 /* iQuiz3Tests */,
				AA3F65B81BFE94B0000E0EE7 /* iQuiz3UITests */,
			);
		};
/* End PBXProject section */

/* Begin PBXResourcesBuildPhase section */
		AA3F65981BFE94AC000E0EE7 /* Resources */ = {
			isa = PBXResourcesBuildPhase;
			buildActionMask = 2147483647;
			files = (
				AA3F65A81BFE94AF000E0EE7 /* LaunchScreen.storyboard in Resources */,
				AA54743D1C18CFE60060936F /* Default-568h@2x.png in Resources */,
				AA3F65A51BFE94AF000E0EE7 /* Assets.xcassets in Resources */,
				AA3F65A31BFE94AE000E0EE7 /* Main.storyboard in Resources */,
			);
			runOnlyForDeploymentPostprocessing = 0;
		};
		AA3F65AC1BFE94B0000E0EE7 /* Resources */ = {
			isa = PBXResourcesBuildPhase;
			buildActionMask = 2147483647;
			files = (
			);
			runOnlyForDeploymentPostprocessing = 0;
		};
		AA3F65B71BFE94B0000E0EE7 /* Resources */ = {
			isa = PBXResourcesBuildPhase;
			buildActionMask = 2147483647;
			files = (
			);
			runOnlyForDeploymentPostprocessing = 0;
		};
/* End PBXResourcesBuildPhase section */

/* Begin PBXSourcesBuildPhase section */
		AA3F65961BFE94AC000E0EE7 /* Sources */ = {
			isa = PBXSourcesBuildPhase;
			buildActionMask = 2147483647;
			files = (
				AA7DBA371C0E8B2000555458 /* FinishedViewController.swift in Sources */,
				AA75BE331C03B89A007B4E08 /* QuestionViewController.swift in Sources */,
				AA75BE311C03B1F2007B4E08 /* QuizViewCell.swift in Sources */,
				AA50DC9D1C0CE06D0033720A /* ResultsViewController.swift in Sources */,
				AA3F659E1BFE94AD000E0EE7 /* AppDelegate.swift in Sources */,
				AA75BE351C03B999007B4E08 /* AnswerViewCell.swift in Sources */,
				AA75BE2F1C03A248007B4E08 /* QuizTableViewController.swift in Sources */,
			);
			runOnlyForDeploymentPostprocessing = 0;
		};
		AA3F65AA1BFE94B0000E0EE7 /* Sources */ = {
			isa = PBXSourcesBuildPhase;
			buildActionMask = 2147483647;
			files = (
				AA3F65B31BFE94B0000E0EE7 /* iQuiz3Tests.swift in Sources */,
			);
			runOnlyForDeploymentPostprocessing = 0;
		};
		AA3F65B51BFE94B0000E0EE7 /* Sources */ = {
			isa = PBXSourcesBuildPhase;
			buildActionMask = 2147483647;
			files = (
				AA3F65BE1BFE94B0000E0EE7 /* iQuiz3UITests.swift in Sources */,
			);
			runOnlyForDeploymentPostprocessing = 0;
		};
/* End PBXSourcesBuildPhase section */

/* Begin PBXTargetDependency section */
		AA3F65B01BFE94B0000E0EE7 /* PBXTargetDependency */ = {
			isa = PBXTargetDependency;
			target = AA3F65991BFE94AC000E0EE7 /* iQuiz3 */;
			targetProxy = AA3F65AF1BFE94B0000E0EE7 /* PBXContainerItemProxy */;
		};
		AA3F65BB1BFE94B0000E0EE7 /* PBXTargetDependency */ = {
			isa = PBXTargetDependency;
			target = AA3F65991BFE94AC000E0EE7 /* iQuiz3 */;
			targetProxy = AA3F65BA1BFE94B0000E0EE7 /* PBXContainerItemProxy */;
		};
/* End PBXTargetDependency section */

/* Begin PBXVariantGroup section */
		AA3F65A11BFE94AE000E0EE7 /* Main.storyboard */ = {
			isa = PBXVariantGroup;
			children = (
				AA3F65A21BFE94AE000E0EE7 /* Base */,
			);
			name = Main.storyboard;
			sourceTree = "<group>";
		};
		AA3F65A61BFE94AF000E0EE7 /* LaunchScreen.storyboard */ = {
			isa = PBXVariantGroup;
			children = (
				AA3F65A71BFE94AF000E0EE7 /* Base */,
			);
			name = LaunchScreen.storyboard;
			sourceTree = "<group>";
		};
/* End PBXVariantGroup section */

/* Begin XCBuildConfiguration section */
		AA3F65C01BFE94B0000E0EE7 /* Debug */ = {
			isa = XCBuildConfiguration;
			buildSettings = {
				ALWAYS_SEARCH_USER_PATHS = NO;
				CLANG_CXX_LANGUAGE_STANDARD = "gnu++0x";
				CLANG_CXX_LIBRARY = "libc++";
				CLANG_ENABLE_MODULES = YES;
				CLANG_ENABLE_OBJC_ARC = YES;
				CLANG_WARN_BOOL_CONVERSION = YES;
				CLANG_WARN_CONSTANT_CONVERSION = YES;
				CLANG_WARN_DIRECT_OBJC_ISA_USAGE = YES_ERROR;
				CLANG_WARN_EMPTY_BODY = YES;
				CLANG_WARN_ENUM_CONVERSION = YES;
				CLANG_WARN_INT_CONVERSION = YES;
				CLANG_WARN_OBJC_ROOT_CLASS = YES_ERROR;
				CLANG_WARN_UNREACHABLE_CODE = YES;
				CLANG_WARN__DUPLICATE_METHOD_MATCH = YES;
				"CODE_SIGN_IDENTITY[sdk=iphoneos*]" = "iPhone Developer";
				COPY_PHASE_STRIP = NO;
				DEBUG_INFORMATION_FORMAT = dwarf;
				ENABLE_STRICT_OBJC_MSGSEND = YES;
				ENABLE_TESTABILITY = YES;
				GCC_C_LANGUAGE_STANDARD = gnu99;
				GCC_DYNAMIC_NO_PIC = NO;
				GCC_NO_COMMON_BLOCKS = YES;
				GCC_OPTIMIZATION_LEVEL = 0;
				GCC_PREPROCESSOR_DEFINITIONS = (
					"DEBUG=1",
					"$(inherited)",
				);
				GCC_WARN_64_TO_32_BIT_CONVERSION = YES;
				GCC_WARN_ABOUT_RETURN_TYPE = YES_ERROR;
				GCC_WARN_UNDECLARED_SELECTOR = YES;
				GCC_WARN_UNINITIALIZED_AUTOS = YES_AGGRESSIVE;
				GCC_WARN_UNUSED_FUNCTION = YES;
				GCC_WARN_UNUSED_VARIABLE = YES;
				IPHONEOS_DEPLOYMENT_TARGET = 9.1;
				MTL_ENABLE_DEBUG_INFO = YES;
				ONLY_ACTIVE_ARCH = YES;
				SDKROOT = iphoneos;
				SWIFT_OPTIMIZATION_LEVEL = "-Onone";
			};
			name = Debug;
		};
		AA3F65C11BFE94B0000E0EE7 /* Release */ = {
			isa = XCBuildConfiguration;
			buildSettings = {
				ALWAYS_SEARCH_USER_PATHS = NO;
				CLANG_CXX_LANGUAGE_STANDARD = "gnu++0x";
				CLANG_CXX_LIBRARY = "libc++";
				CLANG_ENABLE_MODULES = YES;
				CLANG_ENABLE_OBJC_ARC = YES;
				CLANG_WARN_BOOL_CONVERSION = YES;
				CLANG_WARN_CONSTANT_CONVERSION = YES;
				CLANG_WARN_DIRECT_OBJC_ISA_USAGE = YES_ERROR;
				CLANG_WARN_EMPTY_BODY = YES;
				CLANG_WARN_ENUM_CONVERSION = YES;
				CLANG_WARN_INT_CONVERSION = YES;
				CLANG_WARN_OBJC_ROOT_CLASS = YES_ERROR;
				CLANG_WARN_UNREACHABLE_CODE = YES;
				CLANG_WARN__DUPLICATE_METHOD_MATCH = YES;
				"CODE_SIGN_IDENTITY[sdk=iphoneos*]" = "iPhone Developer";
				COPY_PHASE_STRIP = NO;
				DEBUG_INFORMATION_FORMAT = "dwarf-with-dsym";
				ENABLE_NS_ASSERTIONS = NO;
				ENABLE_STRICT_OBJC_MSGSEND = YES;
				GCC_C_LANGUAGE_STANDARD = gnu99;
				GCC_NO_COMMON_BLOCKS = YES;
				GCC_WARN_64_TO_32_BIT_CONVERSION = YES;
				GCC_WARN_ABOUT_RETURN_TYPE = YES_ERROR;
				GCC_WARN_UNDECLARED_SELECTOR = YES;
				GCC_WARN_UNINITIALIZED_AUTOS = YES_AGGRESSIVE;
				GCC_WARN_UNUSED_FUNCTION = YES;
				GCC_WARN_UNUSED_VARIABLE = YES;
				IPHONEOS_DEPLOYMENT_TARGET = 9.1;
				MTL_ENABLE_DEBUG_INFO = NO;
				SDKROOT = iphoneos;
				VALIDATE_PRODUCT = YES;
			};
			name = Release;
		};
		AA3F65C31BFE94B0000E0EE7 /* Debug */ = {
			isa = XCBuildConfiguration;
			buildSettings = {
				ASSETCATALOG_COMPILER_APPICON_NAME = AppIcon;
				INFOPLIST_FILE = iQuiz2/Info.plist;
				LD_RUNPATH_SEARCH_PATHS = "$(inherited) @executable_path/Frameworks";
				PRODUCT_BUNDLE_IDENTIFIER = edu.uw.kevinly7.iQuiz3;
				PRODUCT_NAME = iQuiz3;
			};
			name = Debug;
		};
		AA3F65C41BFE94B0000E0EE7 /* Release */ = {
			isa = XCBuildConfiguration;
			buildSettings = {
				ASSETCATALOG_COMPILER_APPICON_NAME = AppIcon;
				INFOPLIST_FILE = iQuiz2/Info.plist;
				LD_RUNPATH_SEARCH_PATHS = "$(inherited) @executable_path/Frameworks";
				PRODUCT_BUNDLE_IDENTIFIER = edu.uw.kevinly7.iQuiz3;
				PRODUCT_NAME = iQuiz3;
			};
			name = Release;
		};
		AA3F65C61BFE94B0000E0EE7 /* Debug */ = {
			isa = XCBuildConfiguration;
			buildSettings = {
				BUNDLE_LOADER = "$(TEST_HOST)";
				INFOPLIST_FILE = iQuiz3Tests/Info.plist;
				LD_RUNPATH_SEARCH_PATHS = "$(inherited) @executable_path/Frameworks @loader_path/Frameworks";
				PRODUCT_BUNDLE_IDENTIFIER = edu.uw.kevinly7.iQuiz2Tests;
				PRODUCT_NAME = iQuiz3;
				TEST_HOST = "$(BUILT_PRODUCTS_DIR)/iQuiz3.app/iQuiz3";
			};
			name = Debug;
		};
		AA3F65C71BFE94B0000E0EE7 /* Release */ = {
			isa = XCBuildConfiguration;
			buildSettings = {
				BUNDLE_LOADER = "$(TEST_HOST)";
				INFOPLIST_FILE = iQuiz3Tests/Info.plist;
				LD_RUNPATH_SEARCH_PATHS = "$(inherited) @executable_path/Frameworks @loader_path/Frameworks";
				PRODUCT_BUNDLE_IDENTIFIER = edu.uw.kevinly7.iQuiz2Tests;
				PRODUCT_NAME = iQuiz3;
				TEST_HOST = "$(BUILT_PRODUCTS_DIR)/iQuiz3.app/iQuiz3";
			};
			name = Release;
		};
		AA3F65C91BFE94B0000E0EE7 /* Debug */ = {
			isa = XCBuildConfiguration;
			buildSettings = {
				INFOPLIST_FILE = iQuiz3UITests/Info.plist;
				LD_RUNPATH_SEARCH_PATHS = "$(inherited) @executable_path/Frameworks @loader_path/Frameworks";
				PRODUCT_BUNDLE_IDENTIFIER = edu.uw.kevinly7.iQuiz3UITests;
				PRODUCT_NAME = iQuiz3;
				TEST_TARGET_NAME = iQuiz3;
				USES_XCTRUNNER = YES;
			};
			name = Debug;
		};
		AA3F65CA1BFE94B0000E0EE7 /* Release */ = {
			isa = XCBuildConfiguration;
			buildSettings = {
				INFOPLIST_FILE = iQuiz3UITests/Info.plist;
				LD_RUNPATH_SEARCH_PATHS = "$(inherited) @executable_path/Frameworks @loader_path/Frameworks";
				PRODUCT_BUNDLE_IDENTIFIER = edu.uw.kevinly7.iQuiz3UITests;
				PRODUCT_NAME = iQuiz3;
				TEST_TARGET_NAME = iQuiz3;
				USES_XCTRUNNER = YES;
			};
			name = Release;
		};
/* End XCBuildConfiguration section */

/* Begin XCConfigurationList section */
		AA3F65951BFE94AB000E0EE7 /* Build configuration list for PBXProject "iQuiz3" */ = {
			isa = XCConfigurationList;
			buildConfigurations = (
				AA3F65C01BFE94B0000E0EE7 /* Debug */,
				AA3F65C11BFE94B0000E0EE7 /* Release */,
			);
			defaultConfigurationIsVisible = 0;
			defaultConfigurationName = Release;
		};
		AA3F65C21BFE94B0000E0EE7 /* Build configuration list for PBXNativeTarget "iQuiz3" */ = {
			isa = XCConfigurationList;
			buildConfigurations = (
				AA3F65C31BFE94B0000E0EE7 /* Debug */,
				AA3F65C41BFE94B0000E0EE7 /* Release */,
			);
			defaultConfigurationIsVisible = 0;
			defaultConfigurationName = Release;
		};
		AA3F65C51BFE94B0000E0EE7 /* Build configuration list for PBXNativeTarget "iQuiz3Tests" */ = {
			isa = XCConfigurationList;
			buildConfigurations = (
				AA3F65C61BFE94B0000E0EE7 /* Debug */,
				AA3F65C71BFE94B0000E0EE7 /* Release */,
			);
			defaultConfigurationIsVisible = 0;
			defaultConfigurationName = Release;
		};
		AA3F65C81BFE94B0000E0EE7 /* Build configuration list for PBXNativeTarget "iQuiz3UITests" */ = {
			isa = XCConfigurationList;
			buildConfigurations = (
				AA3F65C91BFE94B0000E0EE7 /* Debug */,
				AA3F65CA1BFE94B0000E0EE7 /* Release */,
			);
			defaultConfigurationIsVisible = 0;
			defaultConfigurationName = Release;
		};
/* End XCConfigurationList section */
	};
	rootObject = AA3F65921BFE94AB000E0EE7 /* Project object */;
}
